
Microsoft Visual Studio Solution File, Format Version 12.00
# Visual Studio Version 17
VisualStudioVersion = 17.2.32630.192
MinimumVisualStudioVersion = 10.0.40219.1
Project("{8BC9CEB8-8B4A-11D0-8D11-00A0C91BC942}") = "auto-water-change", "auto-water-change.vcxproj", "{92B2CA24-34D0-4655-B4ED-D730568F6A3B}"
EndProject
Global
	GlobalSection(SolutionConfigurationPlatforms) = preSolution
		Debug|x86 = Debug|x86
		Release|x86 = Release|x86
	EndGlobalSection
	GlobalSection(ProjectConfigurationPlatforms) = postSolution
		{92B2CA24-34D0-4655-B4ED-D730568F6A3B}.Debug|x86.ActiveCfg = Debug|Win32
		{92B2CA24-34D0-4655-B4ED-D730568F6A3B}.Debug|x86.Build.0 = Debug|Win32
		{92B2CA24-34D0-4655-B4ED-D730568F6A3B}.Release|x86.ActiveCfg = Release|Win32
		{92B2CA24-34D0-4655-B4ED-D730568F6A3B}.Release|x86.Build.0 = Release|Win32
	EndGlobalSection
	GlobalSection(SolutionProperties) = preSolution
		HideSolutionNode = FALSE
	EndGlobalSection
	GlobalSection(ExtensibilityGlobals) = postSolution
		SolutionGuid = {0F7DF470-4250-44FE-89C7-BD2514C504B7}
	EndGlobalSection
EndGlobal
